
Microsoft Visual Studio Solution File, Format Version 12.00
# Visual Studio 14
VisualStudioVersion = 14.0.25123.0
MinimumVisualStudioVersion = 10.0.40219.1
Project("{FAE04EC0-301F-11D3-BF4B-00C04F79EFBC}") = "TaskManagerExercise.API", "TaskManagerExercise.API\TaskManagerExercise.API.csproj", "{958C65E1-3214-4807-8ABD-92DCA448A510}"
EndProject
Project("{FAE04EC0-301F-11D3-BF4B-00C04F79EFBC}") = "TaskManagerExercise.API.Interfaces", "TaskManagerExercise.API.Interfaces\TaskManagerExercise.API.Interfaces.csproj", "{E47E4EF4-7AD1-4C27-9C88-856E6CB485AD}"
EndProject
Project("{FAE04EC0-301F-11D3-BF4B-00C04F79EFBC}") = "TaskManagerExercise.API.Tests", "TaskManagerExercise.API.Tests\TaskManagerExercise.API.Tests.csproj", "{7CD4BF3A-E5F3-4850-9578-C21B8EC388D4}"
EndProject
Project("{FAE04EC0-301F-11D3-BF4B-00C04F79EFBC}") = "TaskManagerExercise.Web", "TaskManagerExercise.Web\TaskManagerExercise.Web.csproj", "{B51F9ABF-8C9C-4A47-A5F1-0A042AE418C1}"
EndProject
Global
	GlobalSection(SolutionConfigurationPlatforms) = preSolution
		Debug|Any CPU = Debug|Any CPU
		Release|Any CPU = Release|Any CPU
	EndGlobalSection
	GlobalSection(ProjectConfigurationPlatforms) = postSolution
		{958C65E1-3214-4807-8ABD-92DCA448A510}.Debug|Any CPU.ActiveCfg = Debug|Any CPU
		{958C65E1-3214-4807-8ABD-92DCA448A510}.Debug|Any CPU.Build.0 = Debug|Any CPU
		{958C65E1-3214-4807-8ABD-92DCA448A510}.Release|Any CPU.ActiveCfg = Release|Any CPU
		{958C65E1-3214-4807-8ABD-92DCA448A510}.Release|Any CPU.Build.0 = Release|Any CPU
		{E47E4EF4-7AD1-4C27-9C88-856E6CB485AD}.Debug|Any CPU.ActiveCfg = Debug|Any CPU
		{E47E4EF4-7AD1-4C27-9C88-856E6CB485AD}.Debug|Any CPU.Build.0 = Debug|Any CPU
		{E47E4EF4-7AD1-4C27-9C88-856E6CB485AD}.Release|Any CPU.ActiveCfg = Release|Any CPU
		{E47E4EF4-7AD1-4C27-9C88-856E6CB485AD}.Release|Any CPU.Build.0 = Release|Any CPU
		{7CD4BF3A-E5F3-4850-9578-C21B8EC388D4}.Debug|Any CPU.ActiveCfg = Debug|Any CPU
		{7CD4BF3A-E5F3-4850-9578-C21B8EC388D4}.Debug|Any CPU.Build.0 = Debug|Any CPU
		{7CD4BF3A-E5F3-4850-9578-C21B8EC388D4}.Release|Any CPU.ActiveCfg = Release|Any CPU
		{7CD4BF3A-E5F3-4850-9578-C21B8EC388D4}.Release|Any CPU.Build.0 = Release|Any CPU
		{B51F9ABF-8C9C-4A47-A5F1-0A042AE418C1}.Debug|Any CPU.ActiveCfg = Debug|Any CPU
		{B51F9ABF-8C9C-4A47-A5F1-0A042AE418C1}.Debug|Any CPU.Build.0 = Debug|Any CPU
		{B51F9ABF-8C9C-4A47-A5F1-0A042AE418C1}.Release|Any CPU.ActiveCfg = Release|Any CPU
		{B51F9ABF-8C9C-4A47-A5F1-0A042AE418C1}.Release|Any CPU.Build.0 = Release|Any CPU
	EndGlobalSection
	GlobalSection(SolutionProperties) = preSolution
		HideSolutionNode = FALSE
	EndGlobalSection
EndGlobal
